
Microsoft Visual Studio Solution File, Format Version 12.00
# Visual Studio Version 16
VisualStudioVersion = 16.0.33328.57
MinimumVisualStudioVersion = 10.0.40219.1
Project("{9A19103F-16F7-4668-BE54-9A1E7A4F7556}") = "Prueba.Api", "Colegios.Api\Prueba.Api.csproj", "{3DB8D96E-D58F-4B64-B808-D7629F3F838C}"
EndProject
Global
	GlobalSection(SolutionConfigurationPlatforms) = preSolution
		Debug|Any CPU = Debug|Any CPU
		Release|Any CPU = Release|Any CPU
	EndGlobalSection
	GlobalSection(ProjectConfigurationPlatforms) = postSolution
		{3DB8D96E-D58F-4B64-B808-D7629F3F838C}.Debug|Any CPU.ActiveCfg = Debug|Any CPU
		{3DB8D96E-D58F-4B64-B808-D7629F3F838C}.Debug|Any CPU.Build.0 = Debug|Any CPU
		{3DB8D96E-D58F-4B64-B808-D7629F3F838C}.Release|Any CPU.ActiveCfg = Release|Any CPU
		{3DB8D96E-D58F-4B64-B808-D7629F3F838C}.Release|Any CPU.Build.0 = Release|Any CPU
	EndGlobalSection
	GlobalSection(SolutionProperties) = preSolution
		HideSolutionNode = FALSE
	EndGlobalSection
	GlobalSection(ExtensibilityGlobals) = postSolution
		SolutionGuid = {BBE44C4A-D3D9-4E39-B93D-93D40D7F7C49}
	EndGlobalSection
EndGlobal
